Microsoft Visual Studio Solution File, Format Version 12.00
# Visual Studio Version 17
VisualStudioVersion = 17.13.35931.197
MinimumVisualStudioVersion = 10.0.40219.1
Project("{FAE04EC0-301F-11D3-BF4B-00C04F79EFBC}") = "ElectricalRange", "ElectricalRange\ElectricalRange.csproj", "{870B5F68-BC9E-4991-AD9E-1EC0B7068BA6}"
EndProject
Global
	GlobalSection(SolutionConfigurationPlatforms) = preSolution
		Debug|Any CPU = Debug|Any CPU
		Release|Any CPU = Release|Any CPU
	EndGlobalSection
	GlobalSection(ProjectConfigurationPlatforms) = postSolution
		{870B5F68-BC9E-4991-AD9E-1EC0B7068BA6}.Debug|Any CPU.ActiveCfg = Debug|Any CPU
		{870B5F68-BC9E-4991-AD9E-1EC0B7068BA6}.Debug|Any CPU.Build.0 = Debug|Any CPU
		{870B5F68-BC9E-4991-AD9E-1EC0B7068BA6}.Release|Any CPU.ActiveCfg = Release|Any CPU
		{870B5F68-BC9E-4991-AD9E-1EC0B7068BA6}.Release|Any CPU.Build.0 = Release|Any CPU
	EndGlobalSection
	GlobalSection(SolutionProperties) = preSolution
		HideSolutionNode = FALSE
	EndGlobalSection
	GlobalSection(ExtensibilityGlobals) = postSolution
		SolutionGuid = {549970DB-DD49-4255-8A8E-50F67C287069}
	EndGlobalSection
EndGlobal
